# This file is autogenerated, do not edit; changes may be undone by the next 'dep ensure'.


[[projects]]
  name = "github.com/sony/gobreaker"
  packages = ["."]
  revision = "e9556a45379ef1da12e54847edb2fb3d7d566f36"
  version = "0.3.0"

[solve-meta]
  analyzer-name = "dep"
  analyzer-version = 1
  inputs-digest = "2a0522e0268f78280dad78eba3cf8663bfa52009f83ff3d0d94b3a8a138d051a"
  solver-name = "gps-cdcl"
  solver-version = 1
